<?xml version="1.0" encoding="utf-8"?>
<Project ToolsVersion="4.0" xmlns="http://schemas.microsoft.com/developer/msbuild/2003">
  <ItemGroup>
    <Filter Include="源文件">
      <UniqueIdentifier>{4FC737F1-C7A5-4376-A066-2A32D752A2FF}</UniqueIdentifier>
      <Extensions>cpp;c;cc;cxx;def;odl;idl;hpj;bat;asm;asmx</Extensions>
    </Filter>
    <Filter Include="头文件">
      <UniqueIdentifier>{93995380-89BD-4b04-88EB-625FBE52EBFB}</UniqueIdentifier>
      <Extensions>h;hh;hpp;hxx;hm;inl;inc;ipp;xsd</Extensions>
    </Filter>
    <Filter Include="资源文件">
      <UniqueIdentifier>{67DA6AB6-F800-4c08-8B7A-83BB121AAD01}</UniqueIdentifier>
      <Extensions>rc;ico;cur;bmp;dlg;rc2;rct;bin;rgs;gif;jpg;jpeg;jpe;resx;tiff;tif;png;wav;mfcribbon-ms</Extensions>
    </Filter>
    <Filter Include="源文件\Framework">
      <UniqueIdentifier>{2dafe4ed-7976-41a3-b6fe-4f7bf929a278}</UniqueIdentifier>
    </Filter>
    <Filter Include="源文件\Enternal">
      <UniqueIdentifier>{434ec3b3-d277-475a-ba72-b6de419cb549}</UniqueIdentifier>
    </Filter>
    <Filter Include="源文件\Enternal\OpenGEX">
      <UniqueIdentifier>{fd83db12-fc22-47b4-9d1b-d5552696835e}</UniqueIdentifier>
    </Filter>
    <Filter Include="源文件\Enternal\glad">
      <UniqueIdentifier>{becd1b41-af2e-4fd8-ac6a-d1e5b44aab22}</UniqueIdentifier>
    </Filter>
    <Filter Include="源文件\Enternal\OpenDDL">
      <UniqueIdentifier>{51ac3dbf-925e-47a7-94b3-98c20dc3a6a0}</UniqueIdentifier>
    </Filter>
    <Filter Include="源文件\Input">
      <UniqueIdentifier>{687ab5b9-2c4e-4c98-a3c6-d317fa9add2c}</UniqueIdentifier>
    </Filter>
    <Filter Include="源文件\Framework\Base">
      <UniqueIdentifier>{9017912e-1dac-49be-aa14-1cbe382a49d6}</UniqueIdentifier>
    </Filter>
    <Filter Include="源文件\Framework\Graphics">
      <UniqueIdentifier>{5d794eb4-0ed2-4a19-a2c8-1c51c7778a69}</UniqueIdentifier>
    </Filter>
    <Filter Include="源文件\Framework\Graphics\Shaders">
      <UniqueIdentifier>{112f5170-200d-473f-8ea3-917c0b1e8576}</UniqueIdentifier>
    </Filter>
    <Filter Include="源文件\Framework\Scene">
      <UniqueIdentifier>{52814657-bc4d-4045-811c-dc2a559b74c0}</UniqueIdentifier>
    </Filter>
    <Filter Include="源文件\Framework\Script">
      <UniqueIdentifier>{873966b1-e940-4ae8-823a-e8f162bc30c2}</UniqueIdentifier>
    </Filter>
    <Filter Include="源文件\Platform">
      <UniqueIdentifier>{1e2f4370-07d1-4b6f-913f-ad19d8060c0c}</UniqueIdentifier>
    </Filter>
    <Filter Include="源文件\Framework\Physic">
      <UniqueIdentifier>{a9ef581a-1561-4e3d-b1e3-f3c0a37be7d5}</UniqueIdentifier>
    </Filter>
    <Filter Include="源文件\Framework\UI">
      <UniqueIdentifier>{99e0b70a-f14e-4f76-ae04-6324681b02fe}</UniqueIdentifier>
    </Filter>
    <Filter Include="源文件\Framework\Graphics\Command">
      <UniqueIdentifier>{e68b1d63-9f79-43bc-a2e6-888fa80be435}</UniqueIdentifier>
    </Filter>
    <Filter Include="源文件\Framework\Graphics\Driver">
      <UniqueIdentifier>{a8948a15-b51a-4931-885a-7199acfb1ff7}</UniqueIdentifier>
    </Filter>
    <Filter Include="源文件\Framework\Scene\Model">
      <UniqueIdentifier>{de729367-7352-45a1-8541-67734b7ecec5}</UniqueIdentifier>
    </Filter>
    <Filter Include="源文件\Framework\Scene\Model\ObjModel">
      <UniqueIdentifier>{f0659383-e4ca-49e9-9b45-5b66a81cc082}</UniqueIdentifier>
    </Filter>
    <Filter Include="源文件\Framework\Scene\Camera">
      <UniqueIdentifier>{7d1c54e1-adea-4ef1-9a11-9db3c425c83c}</UniqueIdentifier>
    </Filter>
    <Filter Include="源文件\Framework\Scene\Texture">
      <UniqueIdentifier>{b29d998e-1297-41ff-a91b-916236f21285}</UniqueIdentifier>
    </Filter>
    <Filter Include="源文件\Framework\Scene\Particle">
      <UniqueIdentifier>{b3fa0237-a030-433d-9f36-6ceafa07d6d5}</UniqueIdentifier>
    </Filter>
    <Filter Include="源文件\Framework\Scene\Model\AssimpModel">
      <UniqueIdentifier>{25b0e8a9-cc13-4930-92d4-05e32c9ca3b6}</UniqueIdentifier>
    </Filter>
    <Filter Include="源文件\Framework\Scene\Texture\GL">
      <UniqueIdentifier>{d03bf79c-de7c-4776-8d20-8deaa36ef2c4}</UniqueIdentifier>
    </Filter>
    <Filter Include="源文件\Framework\Base\Math">
      <UniqueIdentifier>{b3838ed6-4d51-4bcf-85df-162855aae1b5}</UniqueIdentifier>
    </Filter>
    <Filter Include="源文件\Framework\Base\Common">
      <UniqueIdentifier>{293ead91-37e2-4579-b1e8-213f5fdad38b}</UniqueIdentifier>
    </Filter>
    <Filter Include="源文件\Framework\Base\Component">
      <UniqueIdentifier>{db684fb2-5094-4335-9597-a874dbf75ee0}</UniqueIdentifier>
    </Filter>
    <Filter Include="源文件\Framework\Base\Interface">
      <UniqueIdentifier>{38c41538-8207-4c75-bcbe-a6fb6349c649}</UniqueIdentifier>
    </Filter>
    <Filter Include="源文件\Platform\OpenGL">
      <UniqueIdentifier>{6318ba81-1b66-4f42-96b8-956e5381862d}</UniqueIdentifier>
    </Filter>
    <Filter Include="源文件\Platform\Win">
      <UniqueIdentifier>{ac3a7ff9-2c21-4e6c-85dc-60d41690213c}</UniqueIdentifier>
    </Filter>
    <Filter Include="源文件\Framework\UI\Component">
      <UniqueIdentifier>{70d6851d-958b-4189-9214-0b9e5a263280}</UniqueIdentifier>
    </Filter>
    <Filter Include="源文件\Framework\UI\Component\Image">
      <UniqueIdentifier>{59881ab2-a07c-4906-8960-e77a8cf4f4ec}</UniqueIdentifier>
    </Filter>
    <Filter Include="源文件\Framework\Graphics\Shaders\GL">
      <UniqueIdentifier>{74e4f383-dcab-4ef0-8207-53774667adfa}</UniqueIdentifier>
    </Filter>
    <Filter Include="源文件\Framework\Graphics\Command\Base">
      <UniqueIdentifier>{49edc44c-7e29-4a66-ae82-a0da9c238677}</UniqueIdentifier>
    </Filter>
    <Filter Include="源文件\Framework\Graphics\Command\GL">
      <UniqueIdentifier>{1cf80474-ef3e-4564-9c99-97b3b223461e}</UniqueIdentifier>
    </Filter>
    <Filter Include="源文件\Framework\Graphics\Command\DX">
      <UniqueIdentifier>{7acbc5f4-c784-492c-b15d-8631ad52cfba}</UniqueIdentifier>
    </Filter>
    <Filter Include="源文件\Framework\Graphics\Driver\DX12">
      <UniqueIdentifier>{e584ffeb-7af0-432d-b0ae-865469ef2694}</UniqueIdentifier>
    </Filter>
    <Filter Include="源文件\Framework\Graphics\Driver\GL">
      <UniqueIdentifier>{4afa5bf2-c29c-42e4-914a-7ce28d7fd584}</UniqueIdentifier>
    </Filter>
    <Filter Include="源文件\Framework\Graphics\Shaders\DX">
      <UniqueIdentifier>{655a0acd-fb85-408e-b345-58b4dfc7c8f1}</UniqueIdentifier>
    </Filter>
    <Filter Include="源文件\Test">
      <UniqueIdentifier>{b4033991-7a4f-4955-b225-64bea3f21144}</UniqueIdentifier>
    </Filter>
    <Filter Include="源文件\NewFramework">
      <UniqueIdentifier>{2bb2f443-9a6a-4a98-a2ea-a5d990a8f1d5}</UniqueIdentifier>
    </Filter>
    <Filter Include="源文件\NewFramework\Material">
      <UniqueIdentifier>{6643b7e3-700d-46f1-9e50-4385587ea3c8}</UniqueIdentifier>
    </Filter>
    <Filter Include="源文件\GC">
      <UniqueIdentifier>{7df33ba7-e705-4c0e-9502-7e62e6ecc7b4}</UniqueIdentifier>
    </Filter>
    <Filter Include="源文件\GC\ReferenceCount">
      <UniqueIdentifier>{6779709c-c0f5-41cb-876d-be8d04814300}</UniqueIdentifier>
    </Filter>
    <Filter Include="源文件\GC\MarkAndClear">
      <UniqueIdentifier>{eca2fe95-cd2b-4dce-8d85-66acc3701c94}</UniqueIdentifier>
    </Filter>
    <Filter Include="源文件\Test\Old">
      <UniqueIdentifier>{bf247335-2412-47f5-98db-a522236f6cf0}</UniqueIdentifier>
    </Filter>
    <Filter Include="源文件\Utils">
      <UniqueIdentifier>{1b5caf20-b444-4aa1-a07a-0388731f8975}</UniqueIdentifier>
    </Filter>
    <Filter Include="源文件\NewFramework\Mesh">
      <UniqueIdentifier>{0fa0b672-c029-4d52-b2f3-4ed07603c0d1}</UniqueIdentifier>
    </Filter>
    <Filter Include="源文件\NewFramework\Shader">
      <UniqueIdentifier>{e3eef7c0-ebea-45bd-8dba-8628a5106856}</UniqueIdentifier>
    </Filter>
    <Filter Include="源文件\NewFramework\Render">
      <UniqueIdentifier>{fd0155c2-d194-4a06-959f-5eabac0583c4}</UniqueIdentifier>
    </Filter>
    <Filter Include="源文件\NewFramework\Component">
      <UniqueIdentifier>{c68d0991-e273-4fb1-9ceb-6de9b6e8a7e3}</UniqueIdentifier>
    </Filter>
    <Filter Include="源文件\NewFramework\Actor">
      <UniqueIdentifier>{ccbc5a6e-2691-4a41-b205-8d59e25802bf}</UniqueIdentifier>
    </Filter>
    <Filter Include="源文件\NewFramework\Math">
      <UniqueIdentifier>{7a95ddcf-0963-4e0e-b3df-b1b3cd855a82}</UniqueIdentifier>
    </Filter>
  </ItemGroup>
  <ItemGroup>
    <ClCompile Include="WindowsApplication.cpp">
      <Filter>源文件\Platform\Win</Filter>
    </ClCompile>
    <ClCompile Include="ObjectPool.cpp">
      <Filter>源文件\Framework\Base\Common</Filter>
    </ClCompile>
    <ClCompile Include="Allocator.cpp">
      <Filter>源文件\Framework\Base\Common</Filter>
    </ClCompile>
    <ClCompile Include="MemoryManager.cpp">
      <Filter>源文件\Framework\Base\Common</Filter>
    </ClCompile>
    <ClCompile Include="Ref.cpp">
      <Filter>源文件\GC\ReferenceCount</Filter>
    </ClCompile>
    <ClCompile Include="AutoreleasePool.cpp">
      <Filter>源文件\GC\ReferenceCount</Filter>
    </ClCompile>
    <ClCompile Include="glad.c">
      <Filter>源文件\Enternal\glad</Filter>
    </ClCompile>
    <ClCompile Include="ThreadPool.cpp">
      <Filter>源文件\Framework\Base\Common</Filter>
    </ClCompile>
    <ClCompile Include="Logger.cpp">
      <Filter>源文件\Utils</Filter>
    </ClCompile>
    <ClCompile Include="SceneManager.cpp">
      <Filter>源文件\Framework\Scene</Filter>
    </ClCompile>
    <ClCompile Include="FileUtil.cpp">
      <Filter>源文件\Utils</Filter>
    </ClCompile>
    <ClCompile Include="OpenGEX.cpp">
      <Filter>源文件\Enternal\OpenGEX</Filter>
    </ClCompile>
    <ClCompile Include="ODDLMap.cpp">
      <Filter>源文件\Enternal\OpenDDL</Filter>
    </ClCompile>
    <ClCompile Include="ODDLString.cpp">
      <Filter>源文件\Enternal\OpenDDL</Filter>
    </ClCompile>
    <ClCompile Include="ODDLTree.cpp">
      <Filter>源文件\Enternal\OpenDDL</Filter>
    </ClCompile>
    <ClCompile Include="OpenDDL.cpp">
      <Filter>源文件\Enternal\OpenDDL</Filter>
    </ClCompile>
    <ClCompile Include="Object.cpp">
      <Filter>源文件\Framework\Script</Filter>
    </ClCompile>
    <ClCompile Include="Parser.cpp">
      <Filter>源文件\Framework\Script</Filter>
    </ClCompile>
    <ClCompile Include="InputManager.cpp">
      <Filter>源文件\Input</Filter>
    </ClCompile>
    <ClCompile Include="PhysicsSystem.cpp">
      <Filter>源文件\Framework\Physic</Filter>
    </ClCompile>
    <ClCompile Include="PhysicsWorld.cpp">
      <Filter>源文件\Framework\Physic</Filter>
    </ClCompile>
    <ClCompile Include="main.cpp">
      <Filter>源文件</Filter>
    </ClCompile>
    <ClCompile Include="ScriptEngine.cpp">
      <Filter>源文件\Framework\Script</Filter>
    </ClCompile>
    <ClCompile Include="TimeUtils.cpp">
      <Filter>源文件\Utils</Filter>
    </ClCompile>
    <ClCompile Include="PhysicBody.cpp">
      <Filter>源文件\Framework\Physic</Filter>
    </ClCompile>
    <ClCompile Include="UISystem.cpp">
      <Filter>源文件\Framework\UI</Filter>
    </ClCompile>
    <ClCompile Include="RenderSystem.cpp">
      <Filter>源文件\Framework\Graphics</Filter>
    </ClCompile>
    <ClCompile Include="Image2D.cpp">
      <Filter>源文件\Framework\UI\Component\Image</Filter>
    </ClCompile>
    <ClCompile Include="ObjMatrial.cpp">
      <Filter>源文件\Framework\Scene\Model\ObjModel</Filter>
    </ClCompile>
    <ClCompile Include="ObjMesh.cpp">
      <Filter>源文件\Framework\Scene\Model\ObjModel</Filter>
    </ClCompile>
    <ClCompile Include="ObjModel.cpp">
      <Filter>源文件\Framework\Scene\Model\ObjModel</Filter>
    </ClCompile>
    <ClCompile Include="Camera.cpp">
      <Filter>源文件\Framework\Scene\Camera</Filter>
    </ClCompile>
    <ClCompile Include="glmCamera.cpp">
      <Filter>源文件\Framework\Scene\Camera</Filter>
    </ClCompile>
    <ClCompile Include="TextureBuffer.cpp">
      <Filter>源文件\Framework\Scene\Texture</Filter>
    </ClCompile>
    <ClCompile Include="TextureBufferCache.cpp">
      <Filter>源文件\Framework\Scene\Texture</Filter>
    </ClCompile>
    <ClCompile Include="AssimpModel.cpp">
      <Filter>源文件\Framework\Scene\Model\AssimpModel</Filter>
    </ClCompile>
    <ClCompile Include="AssimpMesh.cpp">
      <Filter>源文件\Framework\Scene\Model\AssimpModel</Filter>
    </ClCompile>
    <ClCompile Include="TextureGL.cpp">
      <Filter>源文件\Framework\Scene\Texture\GL</Filter>
    </ClCompile>
    <ClCompile Include="TextureGLCache.cpp">
      <Filter>源文件\Framework\Scene\Texture\GL</Filter>
    </ClCompile>
    <ClCompile Include="Math.cpp">
      <Filter>源文件\Framework\Base\Math</Filter>
    </ClCompile>
    <ClCompile Include="Matrix.cpp">
      <Filter>源文件\Framework\Base\Math</Filter>
    </ClCompile>
    <ClCompile Include="Quaternion.cpp">
      <Filter>源文件\Framework\Base\Math</Filter>
    </ClCompile>
    <ClCompile Include="Vector.cpp">
      <Filter>源文件\Framework\Base\Math</Filter>
    </ClCompile>
    <ClCompile Include="OpenglApplication.cpp">
      <Filter>源文件\Platform\OpenGL</Filter>
    </ClCompile>
    <ClCompile Include="BaseApplication.cpp">
      <Filter>源文件\Platform</Filter>
    </ClCompile>
    <ClCompile Include="Particle.cpp">
      <Filter>源文件\Framework\Scene\Particle</Filter>
    </ClCompile>
    <ClCompile Include="Node.cpp">
      <Filter>源文件\Framework\UI\Component</Filter>
    </ClCompile>
    <ClCompile Include="Text.cpp">
      <Filter>源文件\Framework\UI\Component</Filter>
    </ClCompile>
    <ClCompile Include="Canvas.cpp">
      <Filter>源文件\Framework\UI\Component</Filter>
    </ClCompile>
    <ClCompile Include="GLComputeParticle.cpp">
      <Filter>源文件\Framework\Scene\Particle</Filter>
    </ClCompile>
    <ClCompile Include="GLProgram.cpp">
      <Filter>源文件\Framework\Graphics\Shaders\GL</Filter>
    </ClCompile>
    <ClCompile Include="GLShaderLoader.cpp">
      <Filter>源文件\Framework\Graphics\Shaders\GL</Filter>
    </ClCompile>
    <ClCompile Include="GLShaderCache.cpp">
      <Filter>源文件\Framework\Graphics\Shaders\GL</Filter>
    </ClCompile>
    <ClCompile Include="RenderCommand.cpp">
      <Filter>源文件\Framework\Graphics\Command\Base</Filter>
    </ClCompile>
    <ClCompile Include="RenderQueue.cpp">
      <Filter>源文件\Framework\Graphics\Command\Base</Filter>
    </ClCompile>
    <ClCompile Include="RenderParticleCmd.cpp">
      <Filter>源文件\Framework\Graphics\Command\GL</Filter>
    </ClCompile>
    <ClCompile Include="RenderPathTracingCmd.cpp">
      <Filter>源文件\Framework\Graphics\Command\GL</Filter>
    </ClCompile>
    <ClCompile Include="RenderTextCmd.cpp">
      <Filter>源文件\Framework\Graphics\Command\GL</Filter>
    </ClCompile>
    <ClCompile Include="RenderTextureCmd.cpp">
      <Filter>源文件\Framework\Graphics\Command\GL</Filter>
    </ClCompile>
    <ClCompile Include="RenderGLComputeParticleCmd.cpp">
      <Filter>源文件\Framework\Graphics\Command\GL</Filter>
    </ClCompile>
    <ClCompile Include="DXRenderTriangleCmd.cpp">
      <Filter>源文件\Framework\Graphics\Command\DX</Filter>
    </ClCompile>
    <ClCompile Include="OpenglDriver.cpp">
      <Filter>源文件\Framework\Graphics\Driver\GL</Filter>
    </ClCompile>
    <ClCompile Include="Material.cpp">
      <Filter>源文件\NewFramework\Material</Filter>
    </ClCompile>
    <ClCompile Include="MaterialInstance.cpp">
      <Filter>源文件\NewFramework\Material</Filter>
    </ClCompile>
    <ClCompile Include="Bezier.cpp">
      <Filter>源文件\Framework\Base\Math</Filter>
    </ClCompile>
    <ClCompile Include="ModelScene.cpp">
      <Filter>源文件\Test\Old</Filter>
    </ClCompile>
    <ClCompile Include="OITScene.cpp">
      <Filter>源文件\Test\Old</Filter>
    </ClCompile>
    <ClCompile Include="ParticleScene.cpp">
      <Filter>源文件\Test\Old</Filter>
    </ClCompile>
    <ClCompile Include="RayTraceScene.cpp">
      <Filter>源文件\Test\Old</Filter>
    </ClCompile>
    <ClCompile Include="TextScene.cpp">
      <Filter>源文件\Test\Old</Filter>
    </ClCompile>
    <ClCompile Include="Mesh.cpp">
      <Filter>源文件\NewFramework\Mesh</Filter>
    </ClCompile>
    <ClCompile Include="ObjLoader.cpp">
      <Filter>源文件\NewFramework\Mesh</Filter>
    </ClCompile>
    <ClCompile Include="Shader.cpp">
      <Filter>源文件\NewFramework\Shader</Filter>
    </ClCompile>
    <ClCompile Include="InputLayout.cpp">
      <Filter>源文件\NewFramework\Render</Filter>
    </ClCompile>
    <ClCompile Include="VertexBuffer.cpp">
      <Filter>源文件\NewFramework\Render</Filter>
    </ClCompile>
    <ClCompile Include="Component.cpp">
      <Filter>源文件\NewFramework\Component</Filter>
    </ClCompile>
    <ClCompile Include="Actor.cpp">
      <Filter>源文件\NewFramework\Actor</Filter>
    </ClCompile>
    <ClCompile Include="Transform.cpp">
      <Filter>源文件\NewFramework\Math</Filter>
    </ClCompile>
  </ItemGroup>
  <ItemGroup>
    <ClInclude Include="IRuntimeModule.h">
      <Filter>源文件\Framework\Base\Interface</Filter>
    </ClInclude>
    <ClInclude Include="IApplication.h">
      <Filter>源文件\Framework\Base\Interface</Filter>
    </ClInclude>
    <ClInclude Include="WindowsApplication.h">
      <Filter>源文件\Platform\Win</Filter>
    </ClInclude>
    <ClInclude Include="ObjectPool.h">
      <Filter>源文件\Framework\Base\Common</Filter>
    </ClInclude>
    <ClInclude Include="Allocator.h">
      <Filter>源文件\Framework\Base\Common</Filter>
    </ClInclude>
    <ClInclude Include="MemoryManager.h">
      <Filter>源文件\Framework\Base\Common</Filter>
    </ClInclude>
    <ClInclude Include="Ref.h">
      <Filter>源文件\GC\ReferenceCount</Filter>
    </ClInclude>
    <ClInclude Include="AutoreleasePool.h">
      <Filter>源文件\GC\ReferenceCount</Filter>
    </ClInclude>
    <ClInclude Include="ThreadPool.h">
      <Filter>源文件\Framework\Base\Common</Filter>
    </ClInclude>
    <ClInclude Include="Logger.h">
      <Filter>源文件\Utils</Filter>
    </ClInclude>
    <ClInclude Include="RealEngine.h">
      <Filter>源文件</Filter>
    </ClInclude>
    <ClInclude Include="SceneManager.h">
      <Filter>源文件\Framework\Scene</Filter>
    </ClInclude>
    <ClInclude Include="FileUtil.h">
      <Filter>源文件\Utils</Filter>
    </ClInclude>
    <ClInclude Include="NonCopyable.h">
      <Filter>源文件\Framework\Base\Interface</Filter>
    </ClInclude>
    <ClInclude Include="NonMovable.h">
      <Filter>源文件\Framework\Base\Interface</Filter>
    </ClInclude>
    <ClInclude Include="OpenGEX.h">
      <Filter>源文件\Enternal\OpenGEX</Filter>
    </ClInclude>
    <ClInclude Include="ODDLArray.h">
      <Filter>源文件\Enternal\OpenDDL</Filter>
    </ClInclude>
    <ClInclude Include="ODDLMap.h">
      <Filter>源文件\Enternal\OpenDDL</Filter>
    </ClInclude>
    <ClInclude Include="ODDLString.h">
      <Filter>源文件\Enternal\OpenDDL</Filter>
    </ClInclude>
    <ClInclude Include="ODDLTree.h">
      <Filter>源文件\Enternal\OpenDDL</Filter>
    </ClInclude>
    <ClInclude Include="ODDLTypes.h">
      <Filter>源文件\Enternal\OpenDDL</Filter>
    </ClInclude>
    <ClInclude Include="OpenDDL.h">
      <Filter>源文件\Enternal\OpenDDL</Filter>
    </ClInclude>
    <ClInclude Include="Object.h">
      <Filter>源文件\Framework\Script</Filter>
    </ClInclude>
    <ClInclude Include="Parser.h">
      <Filter>源文件\Framework\Script</Filter>
    </ClInclude>
    <ClInclude Include="InputManager.h">
      <Filter>源文件\Input</Filter>
    </ClInclude>
    <ClInclude Include="REKey.h">
      <Filter>源文件\Input</Filter>
    </ClInclude>
    <ClInclude Include="PhysicsSystem.h">
      <Filter>源文件\Framework\Physic</Filter>
    </ClInclude>
    <ClInclude Include="PhysicsWorld.h">
      <Filter>源文件\Framework\Physic</Filter>
    </ClInclude>
    <ClInclude Include="ScriptEngine.h">
      <Filter>源文件\Framework\Script</Filter>
    </ClInclude>
    <ClInclude Include="TimeUtils.h">
      <Filter>源文件\Utils</Filter>
    </ClInclude>
    <ClInclude Include="PhysicBody.h">
      <Filter>源文件\Framework\Physic</Filter>
    </ClInclude>
    <ClInclude Include="UISystem.h">
      <Filter>源文件\Framework\UI</Filter>
    </ClInclude>
    <ClInclude Include="RenderSystem.h">
      <Filter>源文件\Framework\Graphics</Filter>
    </ClInclude>
    <ClInclude Include="GCObjectPool.h">
      <Filter>源文件\GC\MarkAndClear</Filter>
    </ClInclude>
    <ClInclude Include="GCObject.h">
      <Filter>源文件\GC\MarkAndClear</Filter>
    </ClInclude>
    <ClInclude Include="NodeObject.h">
      <Filter>源文件\GC\MarkAndClear</Filter>
    </ClInclude>
    <ClInclude Include="Image2D.h">
      <Filter>源文件\Framework\UI\Component\Image</Filter>
    </ClInclude>
    <ClInclude Include="ObjMatrial.h">
      <Filter>源文件\Framework\Scene\Model\ObjModel</Filter>
    </ClInclude>
    <ClInclude Include="ObjMesh.h">
      <Filter>源文件\Framework\Scene\Model\ObjModel</Filter>
    </ClInclude>
    <ClInclude Include="ObjModel.h">
      <Filter>源文件\Framework\Scene\Model\ObjModel</Filter>
    </ClInclude>
    <ClInclude Include="glmCamera.h">
      <Filter>源文件\Framework\Scene\Camera</Filter>
    </ClInclude>
    <ClInclude Include="Camera.h">
      <Filter>源文件\Framework\Scene\Camera</Filter>
    </ClInclude>
    <ClInclude Include="TextureBuffer.h">
      <Filter>源文件\Framework\Scene\Texture</Filter>
    </ClInclude>
    <ClInclude Include="TextureBufferCache.h">
      <Filter>源文件\Framework\Scene\Texture</Filter>
    </ClInclude>
    <ClInclude Include="AssimpModel.h">
      <Filter>源文件\Framework\Scene\Model\AssimpModel</Filter>
    </ClInclude>
    <ClInclude Include="AssimpMesh.h">
      <Filter>源文件\Framework\Scene\Model\AssimpModel</Filter>
    </ClInclude>
    <ClInclude Include="TextureGL.h">
      <Filter>源文件\Framework\Scene\Texture\GL</Filter>
    </ClInclude>
    <ClInclude Include="TextureGLCache.h">
      <Filter>源文件\Framework\Scene\Texture\GL</Filter>
    </ClInclude>
    <ClInclude Include="Vector.h">
      <Filter>源文件\Framework\Base\Math</Filter>
    </ClInclude>
    <ClInclude Include="Math.h">
      <Filter>源文件\Framework\Base\Math</Filter>
    </ClInclude>
    <ClInclude Include="Matrix.h">
      <Filter>源文件\Framework\Base\Math</Filter>
    </ClInclude>
    <ClInclude Include="Quaternion.h">
      <Filter>源文件\Framework\Base\Math</Filter>
    </ClInclude>
    <ClInclude Include="OpenglApplication.h">
      <Filter>源文件\Platform\OpenGL</Filter>
    </ClInclude>
    <ClInclude Include="BaseApplication.h">
      <Filter>源文件\Platform</Filter>
    </ClInclude>
    <ClInclude Include="Particle.h">
      <Filter>源文件\Framework\Scene\Particle</Filter>
    </ClInclude>
    <ClInclude Include="Node.h">
      <Filter>源文件\Framework\UI\Component</Filter>
    </ClInclude>
    <ClInclude Include="Text.h">
      <Filter>源文件\Framework\UI\Component</Filter>
    </ClInclude>
    <ClInclude Include="Canvas.h">
      <Filter>源文件\Framework\UI\Component</Filter>
    </ClInclude>
    <ClInclude Include="GLComputeParticle.h">
      <Filter>源文件\Framework\Scene\Particle</Filter>
    </ClInclude>
    <ClInclude Include="GLProgram.h">
      <Filter>源文件\Framework\Graphics\Shaders\GL</Filter>
    </ClInclude>
    <ClInclude Include="GLShaderLoader.h">
      <Filter>源文件\Framework\Graphics\Shaders\GL</Filter>
    </ClInclude>
    <ClInclude Include="GLShaderMap.h">
      <Filter>源文件\Framework\Graphics\Shaders\GL</Filter>
    </ClInclude>
    <ClInclude Include="GLShaderCache.h">
      <Filter>源文件\Framework\Graphics\Shaders\GL</Filter>
    </ClInclude>
    <ClInclude Include="RenderCommand.h">
      <Filter>源文件\Framework\Graphics\Command\Base</Filter>
    </ClInclude>
    <ClInclude Include="RenderQueue.h">
      <Filter>源文件\Framework\Graphics\Command\Base</Filter>
    </ClInclude>
    <ClInclude Include="d3dx12.h">
      <Filter>源文件\Platform\Win</Filter>
    </ClInclude>
    <ClInclude Include="RenderTextureCmd.h">
      <Filter>源文件\Framework\Graphics\Command\GL</Filter>
    </ClInclude>
    <ClInclude Include="RenderGLComputeParticleCmd.h">
      <Filter>源文件\Framework\Graphics\Command\GL</Filter>
    </ClInclude>
    <ClInclude Include="RenderParticleCmd.h">
      <Filter>源文件\Framework\Graphics\Command\GL</Filter>
    </ClInclude>
    <ClInclude Include="RenderPathTracingCmd.h">
      <Filter>源文件\Framework\Graphics\Command\GL</Filter>
    </ClInclude>
    <ClInclude Include="RenderTextCmd.h">
      <Filter>源文件\Framework\Graphics\Command\GL</Filter>
    </ClInclude>
    <ClInclude Include="DXRenderTriangleCmd.h">
      <Filter>源文件\Framework\Graphics\Command\DX</Filter>
    </ClInclude>
    <ClInclude Include="OpenglDriver.h">
      <Filter>源文件\Framework\Graphics\Driver\GL</Filter>
    </ClInclude>
    <ClInclude Include="Material.h">
      <Filter>源文件\NewFramework\Material</Filter>
    </ClInclude>
    <ClInclude Include="MaterialInstance.h">
      <Filter>源文件\NewFramework\Material</Filter>
    </ClInclude>
    <ClInclude Include="Bezier.h">
      <Filter>源文件\Framework\Base\Math</Filter>
    </ClInclude>
    <ClInclude Include="ModelScene.h">
      <Filter>源文件\Test\Old</Filter>
    </ClInclude>
    <ClInclude Include="OITScene.h">
      <Filter>源文件\Test\Old</Filter>
    </ClInclude>
    <ClInclude Include="ParticleScene.h">
      <Filter>源文件\Test\Old</Filter>
    </ClInclude>
    <ClInclude Include="RayTraceScene.h">
      <Filter>源文件\Test\Old</Filter>
    </ClInclude>
    <ClInclude Include="TextScene.h">
      <Filter>源文件\Test\Old</Filter>
    </ClInclude>
    <ClInclude Include="Mesh.h">
      <Filter>源文件\NewFramework\Mesh</Filter>
    </ClInclude>
    <ClInclude Include="ObjLoader.h">
      <Filter>源文件\NewFramework\Mesh</Filter>
    </ClInclude>
    <ClInclude Include="Vertex.h">
      <Filter>源文件\NewFramework\Mesh</Filter>
    </ClInclude>
    <ClInclude Include="Shader.h">
      <Filter>源文件\NewFramework\Shader</Filter>
    </ClInclude>
    <ClInclude Include="InputLayout.h">
      <Filter>源文件\NewFramework\Render</Filter>
    </ClInclude>
    <ClInclude Include="VertexBuffer.h">
      <Filter>源文件\NewFramework\Render</Filter>
    </ClInclude>
    <ClInclude Include="Component.h">
      <Filter>源文件\NewFramework\Component</Filter>
    </ClInclude>
    <ClInclude Include="Actor.h">
      <Filter>源文件\NewFramework\Actor</Filter>
    </ClInclude>
    <ClInclude Include="Transform.h">
      <Filter>源文件\NewFramework\Math</Filter>
    </ClInclude>
  </ItemGroup>
</Project>