<?xml version="1.0" encoding="utf-8"?>
<Project ToolsVersion="4.0" xmlns="http://schemas.microsoft.com/developer/msbuild/2003">
  <ItemGroup>
    <Filter Include="源文件">
      <UniqueIdentifier>{4FC737F1-C7A5-4376-A066-2A32D752A2FF}</UniqueIdentifier>
      <Extensions>cpp;c;cc;cxx;def;odl;idl;hpj;bat;asm;asmx</Extensions>
    </Filter>
    <Filter Include="头文件">
      <UniqueIdentifier>{93995380-89BD-4b04-88EB-625FBE52EBFB}</UniqueIdentifier>
      <Extensions>h;hh;hpp;hxx;hm;inl;inc;ipp;xsd</Extensions>
    </Filter>
    <Filter Include="资源文件">
      <UniqueIdentifier>{67DA6AB6-F800-4c08-8B7A-83BB121AAD01}</UniqueIdentifier>
      <Extensions>rc;ico;cur;bmp;dlg;rc2;rct;bin;rgs;gif;jpg;jpeg;jpe;resx;tiff;tif;png;wav;mfcribbon-ms</Extensions>
    </Filter>
    <Filter Include="源文件\Framework">
      <UniqueIdentifier>{2dafe4ed-7976-41a3-b6fe-4f7bf929a278}</UniqueIdentifier>
    </Filter>
    <Filter Include="源文件\Framework\Common">
      <UniqueIdentifier>{293ead91-37e2-4579-b1e8-213f5fdad38b}</UniqueIdentifier>
    </Filter>
    <Filter Include="源文件\Framework\Interface">
      <UniqueIdentifier>{38c41538-8207-4c75-bcbe-a6fb6349c649}</UniqueIdentifier>
    </Filter>
    <Filter Include="源文件\platform">
      <UniqueIdentifier>{1e2f4370-07d1-4b6f-913f-ad19d8060c0c}</UniqueIdentifier>
    </Filter>
    <Filter Include="源文件\platform\win32">
      <UniqueIdentifier>{ac3a7ff9-2c21-4e6c-85dc-60d41690213c}</UniqueIdentifier>
    </Filter>
    <Filter Include="源文件\glad">
      <UniqueIdentifier>{becd1b41-af2e-4fd8-ac6a-d1e5b44aab22}</UniqueIdentifier>
    </Filter>
    <Filter Include="源文件\Framework\graphics">
      <UniqueIdentifier>{5d794eb4-0ed2-4a19-a2c8-1c51c7778a69}</UniqueIdentifier>
    </Filter>
    <Filter Include="源文件\Framework\utils">
      <UniqueIdentifier>{1b5caf20-b444-4aa1-a07a-0388731f8975}</UniqueIdentifier>
    </Filter>
    <Filter Include="源文件\Framework\gc">
      <UniqueIdentifier>{7df33ba7-e705-4c0e-9502-7e62e6ecc7b4}</UniqueIdentifier>
    </Filter>
    <Filter Include="源文件\Framework\gc\ReferenceCount">
      <UniqueIdentifier>{6779709c-c0f5-41cb-876d-be8d04814300}</UniqueIdentifier>
    </Filter>
    <Filter Include="源文件\Framework\gc\MarkAndClear">
      <UniqueIdentifier>{eca2fe95-cd2b-4dce-8d85-66acc3701c94}</UniqueIdentifier>
    </Filter>
    <Filter Include="源文件\Framework\scene">
      <UniqueIdentifier>{52814657-bc4d-4045-811c-dc2a559b74c0}</UniqueIdentifier>
    </Filter>
  </ItemGroup>
  <ItemGroup>
    <ClCompile Include="BaseApplication.cpp">
      <Filter>源文件\Framework\Common</Filter>
    </ClCompile>
    <ClCompile Include="WindowsApplication.cpp">
      <Filter>源文件\platform\win32</Filter>
    </ClCompile>
    <ClCompile Include="ObjectPool.cpp">
      <Filter>源文件\Framework\Common</Filter>
    </ClCompile>
    <ClCompile Include="Allocator.cpp">
      <Filter>源文件\Framework\Common</Filter>
    </ClCompile>
    <ClCompile Include="MemoryManager.cpp">
      <Filter>源文件\Framework\Common</Filter>
    </ClCompile>
    <ClCompile Include="Ref.cpp">
      <Filter>源文件\Framework\gc\ReferenceCount</Filter>
    </ClCompile>
    <ClCompile Include="AutoreleasePool.cpp">
      <Filter>源文件\Framework\gc\ReferenceCount</Filter>
    </ClCompile>
    <ClCompile Include="glad.c">
      <Filter>源文件\glad</Filter>
    </ClCompile>
    <ClCompile Include="OpenglApplication.cpp">
      <Filter>源文件\platform</Filter>
    </ClCompile>
    <ClCompile Include="ThreadPool.cpp">
      <Filter>源文件\Framework\Common</Filter>
    </ClCompile>
    <ClCompile Include="Logger.cpp">
      <Filter>源文件\Framework\utils</Filter>
    </ClCompile>
    <ClCompile Include="OpenglDriver.cpp">
      <Filter>源文件\Framework\graphics</Filter>
    </ClCompile>
    <ClCompile Include="main.cpp">
      <Filter>源文件\Framework</Filter>
    </ClCompile>
    <ClCompile Include="SceneManager.cpp">
      <Filter>源文件\Framework\scene</Filter>
    </ClCompile>
    <ClCompile Include="Camera.cpp">
      <Filter>源文件\Framework\scene</Filter>
    </ClCompile>
  </ItemGroup>
  <ItemGroup>
    <ClInclude Include="BaseApplication.h">
      <Filter>源文件\Framework\Common</Filter>
    </ClInclude>
    <ClInclude Include="IRuntimeModule.h">
      <Filter>源文件\Framework\Interface</Filter>
    </ClInclude>
    <ClInclude Include="IApplication.h">
      <Filter>源文件\Framework\Interface</Filter>
    </ClInclude>
    <ClInclude Include="WindowsApplication.h">
      <Filter>源文件\platform\win32</Filter>
    </ClInclude>
    <ClInclude Include="ObjectPool.h">
      <Filter>源文件\Framework\Common</Filter>
    </ClInclude>
    <ClInclude Include="Allocator.h">
      <Filter>源文件\Framework\Common</Filter>
    </ClInclude>
    <ClInclude Include="MemoryManager.h">
      <Filter>源文件\Framework\Common</Filter>
    </ClInclude>
    <ClInclude Include="Ref.h">
      <Filter>源文件\Framework\gc\ReferenceCount</Filter>
    </ClInclude>
    <ClInclude Include="AutoreleasePool.h">
      <Filter>源文件\Framework\gc\ReferenceCount</Filter>
    </ClInclude>
    <ClInclude Include="OpenglApplication.h">
      <Filter>源文件\platform</Filter>
    </ClInclude>
    <ClInclude Include="ThreadPool.h">
      <Filter>源文件\Framework\Common</Filter>
    </ClInclude>
    <ClInclude Include="Logger.h">
      <Filter>源文件\Framework\utils</Filter>
    </ClInclude>
    <ClInclude Include="RealEngine.h">
      <Filter>源文件</Filter>
    </ClInclude>
    <ClInclude Include="OpenglDriver.h">
      <Filter>源文件\Framework\graphics</Filter>
    </ClInclude>
    <ClInclude Include="SceneManager.h">
      <Filter>源文件\Framework\scene</Filter>
    </ClInclude>
    <ClInclude Include="Camera.h">
      <Filter>源文件\Framework\scene</Filter>
    </ClInclude>
    <ClInclude Include="ISceneObject.h">
      <Filter>源文件\Framework\Interface</Filter>
    </ClInclude>
  </ItemGroup>
</Project>