<?xml version="1.0" encoding="utf-8"?>
<Project ToolsVersion="4.0" xmlns="http://schemas.microsoft.com/developer/msbuild/2003">
  <ItemGroup>
    <Filter Include="源文件">
      <UniqueIdentifier>{4FC737F1-C7A5-4376-A066-2A32D752A2FF}</UniqueIdentifier>
      <Extensions>cpp;c;cc;cxx;def;odl;idl;hpj;bat;asm;asmx</Extensions>
    </Filter>
    <Filter Include="头文件">
      <UniqueIdentifier>{93995380-89BD-4b04-88EB-625FBE52EBFB}</UniqueIdentifier>
      <Extensions>h;hh;hpp;hxx;hm;inl;inc;ipp;xsd</Extensions>
    </Filter>
    <Filter Include="资源文件">
      <UniqueIdentifier>{67DA6AB6-F800-4c08-8B7A-83BB121AAD01}</UniqueIdentifier>
      <Extensions>rc;ico;cur;bmp;dlg;rc2;rct;bin;rgs;gif;jpg;jpeg;jpe;resx;tiff;tif;png;wav;mfcribbon-ms</Extensions>
    </Filter>
    <Filter Include="源文件\Framework">
      <UniqueIdentifier>{2dafe4ed-7976-41a3-b6fe-4f7bf929a278}</UniqueIdentifier>
    </Filter>
    <Filter Include="源文件\Framework\Common">
      <UniqueIdentifier>{293ead91-37e2-4579-b1e8-213f5fdad38b}</UniqueIdentifier>
    </Filter>
    <Filter Include="源文件\Framework\Interface">
      <UniqueIdentifier>{38c41538-8207-4c75-bcbe-a6fb6349c649}</UniqueIdentifier>
    </Filter>
    <Filter Include="源文件\Enternal">
      <UniqueIdentifier>{434ec3b3-d277-475a-ba72-b6de419cb549}</UniqueIdentifier>
    </Filter>
    <Filter Include="源文件\Enternal\OpenGEX">
      <UniqueIdentifier>{fd83db12-fc22-47b4-9d1b-d5552696835e}</UniqueIdentifier>
    </Filter>
    <Filter Include="源文件\Enternal\glad">
      <UniqueIdentifier>{becd1b41-af2e-4fd8-ac6a-d1e5b44aab22}</UniqueIdentifier>
    </Filter>
    <Filter Include="源文件\Enternal\OpenDDL">
      <UniqueIdentifier>{51ac3dbf-925e-47a7-94b3-98c20dc3a6a0}</UniqueIdentifier>
    </Filter>
    <Filter Include="源文件\Input">
      <UniqueIdentifier>{687ab5b9-2c4e-4c98-a3c6-d317fa9add2c}</UniqueIdentifier>
    </Filter>
    <Filter Include="源文件\Framework\Base">
      <UniqueIdentifier>{9017912e-1dac-49be-aa14-1cbe382a49d6}</UniqueIdentifier>
    </Filter>
    <Filter Include="源文件\Framework\Ecs">
      <UniqueIdentifier>{2d9adc0a-35a3-44b5-acab-9493bee5a7d0}</UniqueIdentifier>
    </Filter>
    <Filter Include="源文件\Framework\GC">
      <UniqueIdentifier>{7df33ba7-e705-4c0e-9502-7e62e6ecc7b4}</UniqueIdentifier>
    </Filter>
    <Filter Include="源文件\Framework\GC\ReferenceCount">
      <UniqueIdentifier>{6779709c-c0f5-41cb-876d-be8d04814300}</UniqueIdentifier>
    </Filter>
    <Filter Include="源文件\Framework\GC\MarkAndClear">
      <UniqueIdentifier>{eca2fe95-cd2b-4dce-8d85-66acc3701c94}</UniqueIdentifier>
    </Filter>
    <Filter Include="源文件\Framework\Graphics">
      <UniqueIdentifier>{5d794eb4-0ed2-4a19-a2c8-1c51c7778a69}</UniqueIdentifier>
    </Filter>
    <Filter Include="源文件\Framework\Graphics\Shaders">
      <UniqueIdentifier>{112f5170-200d-473f-8ea3-917c0b1e8576}</UniqueIdentifier>
    </Filter>
    <Filter Include="源文件\Framework\Scene">
      <UniqueIdentifier>{52814657-bc4d-4045-811c-dc2a559b74c0}</UniqueIdentifier>
    </Filter>
    <Filter Include="源文件\Framework\Script">
      <UniqueIdentifier>{873966b1-e940-4ae8-823a-e8f162bc30c2}</UniqueIdentifier>
    </Filter>
    <Filter Include="源文件\Framework\Test">
      <UniqueIdentifier>{b4033991-7a4f-4955-b225-64bea3f21144}</UniqueIdentifier>
    </Filter>
    <Filter Include="源文件\Framework\Utils">
      <UniqueIdentifier>{1b5caf20-b444-4aa1-a07a-0388731f8975}</UniqueIdentifier>
    </Filter>
    <Filter Include="源文件\Platform">
      <UniqueIdentifier>{1e2f4370-07d1-4b6f-913f-ad19d8060c0c}</UniqueIdentifier>
    </Filter>
    <Filter Include="源文件\Platform\win32">
      <UniqueIdentifier>{ac3a7ff9-2c21-4e6c-85dc-60d41690213c}</UniqueIdentifier>
    </Filter>
  </ItemGroup>
  <ItemGroup>
    <ClCompile Include="BaseApplication.cpp">
      <Filter>源文件\Framework\Common</Filter>
    </ClCompile>
    <ClCompile Include="WindowsApplication.cpp">
      <Filter>源文件\Platform\win32</Filter>
    </ClCompile>
    <ClCompile Include="ObjectPool.cpp">
      <Filter>源文件\Framework\Common</Filter>
    </ClCompile>
    <ClCompile Include="Allocator.cpp">
      <Filter>源文件\Framework\Common</Filter>
    </ClCompile>
    <ClCompile Include="MemoryManager.cpp">
      <Filter>源文件\Framework\Common</Filter>
    </ClCompile>
    <ClCompile Include="Ref.cpp">
      <Filter>源文件\Framework\GC\ReferenceCount</Filter>
    </ClCompile>
    <ClCompile Include="AutoreleasePool.cpp">
      <Filter>源文件\Framework\GC\ReferenceCount</Filter>
    </ClCompile>
    <ClCompile Include="glad.c">
      <Filter>源文件\Enternal\glad</Filter>
    </ClCompile>
    <ClCompile Include="OpenglApplication.cpp">
      <Filter>源文件\Platform</Filter>
    </ClCompile>
    <ClCompile Include="ThreadPool.cpp">
      <Filter>源文件\Framework\Common</Filter>
    </ClCompile>
    <ClCompile Include="Logger.cpp">
      <Filter>源文件\Framework\Utils</Filter>
    </ClCompile>
    <ClCompile Include="OpenglDriver.cpp">
      <Filter>源文件\Framework\Graphics</Filter>
    </ClCompile>
    <ClCompile Include="main.cpp">
      <Filter>源文件\Framework</Filter>
    </ClCompile>
    <ClCompile Include="SceneManager.cpp">
      <Filter>源文件\Framework\Scene</Filter>
    </ClCompile>
    <ClCompile Include="Camera.cpp">
      <Filter>源文件\Framework\Scene</Filter>
    </ClCompile>
    <ClCompile Include="FileUtil.cpp">
      <Filter>源文件\Framework\Utils</Filter>
    </ClCompile>
    <ClCompile Include="ShaderLoader.cpp">
      <Filter>源文件\Framework\Graphics\Shaders</Filter>
    </ClCompile>
    <ClCompile Include="Shader.cpp">
      <Filter>源文件\Framework\Graphics\Shaders</Filter>
    </ClCompile>
    <ClCompile Include="Image.cpp">
      <Filter>源文件\Framework\Scene</Filter>
    </ClCompile>
    <ClCompile Include="OpenGEX.cpp">
      <Filter>源文件\Enternal\OpenGEX</Filter>
    </ClCompile>
    <ClCompile Include="ODDLMap.cpp">
      <Filter>源文件\Enternal\OpenDDL</Filter>
    </ClCompile>
    <ClCompile Include="ODDLString.cpp">
      <Filter>源文件\Enternal\OpenDDL</Filter>
    </ClCompile>
    <ClCompile Include="ODDLTree.cpp">
      <Filter>源文件\Enternal\OpenDDL</Filter>
    </ClCompile>
    <ClCompile Include="OpenDDL.cpp">
      <Filter>源文件\Enternal\OpenDDL</Filter>
    </ClCompile>
    <ClCompile Include="RenderInfo.cpp">
      <Filter>源文件\Framework\Graphics</Filter>
    </ClCompile>
    <ClCompile Include="Matrix.cpp">
      <Filter>源文件\Framework\Base</Filter>
    </ClCompile>
    <ClCompile Include="Math.cpp">
      <Filter>源文件\Framework\Base</Filter>
    </ClCompile>
    <ClCompile Include="Quaternion.cpp">
      <Filter>源文件\Framework\Base</Filter>
    </ClCompile>
    <ClCompile Include="Object.cpp">
      <Filter>源文件\Framework\Script</Filter>
    </ClCompile>
    <ClCompile Include="Parser.cpp">
      <Filter>源文件\Framework\Script</Filter>
    </ClCompile>
    <ClCompile Include="InputManager.cpp">
      <Filter>源文件\Input</Filter>
    </ClCompile>
    <ClCompile Include="Bezier.cpp">
      <Filter>源文件\Framework\Graphics</Filter>
    </ClCompile>
    <ClCompile Include="Vector.cpp">
      <Filter>源文件\Framework\Base</Filter>
    </ClCompile>
    <ClCompile Include="MeshTest.cpp">
      <Filter>源文件\Framework\Test</Filter>
    </ClCompile>
    <ClCompile Include="ModelTest.cpp">
      <Filter>源文件\Framework\Test</Filter>
    </ClCompile>
    <ClCompile Include="Model.cpp">
      <Filter>源文件\Framework\Scene</Filter>
    </ClCompile>
    <ClCompile Include="Mesh.cpp">
      <Filter>源文件\Framework\Scene</Filter>
    </ClCompile>
    <ClCompile Include="Scene.cpp">
      <Filter>源文件\Framework\Scene</Filter>
    </ClCompile>
    <ClCompile Include="glmCamera.cpp">
      <Filter>源文件\Framework\Scene</Filter>
    </ClCompile>
  </ItemGroup>
  <ItemGroup>
    <ClInclude Include="BaseApplication.h">
      <Filter>源文件\Framework\Common</Filter>
    </ClInclude>
    <ClInclude Include="IRuntimeModule.h">
      <Filter>源文件\Framework\Interface</Filter>
    </ClInclude>
    <ClInclude Include="IApplication.h">
      <Filter>源文件\Framework\Interface</Filter>
    </ClInclude>
    <ClInclude Include="WindowsApplication.h">
      <Filter>源文件\Platform\win32</Filter>
    </ClInclude>
    <ClInclude Include="ObjectPool.h">
      <Filter>源文件\Framework\Common</Filter>
    </ClInclude>
    <ClInclude Include="Allocator.h">
      <Filter>源文件\Framework\Common</Filter>
    </ClInclude>
    <ClInclude Include="MemoryManager.h">
      <Filter>源文件\Framework\Common</Filter>
    </ClInclude>
    <ClInclude Include="Ref.h">
      <Filter>源文件\Framework\GC\ReferenceCount</Filter>
    </ClInclude>
    <ClInclude Include="AutoreleasePool.h">
      <Filter>源文件\Framework\GC\ReferenceCount</Filter>
    </ClInclude>
    <ClInclude Include="OpenglApplication.h">
      <Filter>源文件\Platform</Filter>
    </ClInclude>
    <ClInclude Include="ThreadPool.h">
      <Filter>源文件\Framework\Common</Filter>
    </ClInclude>
    <ClInclude Include="Logger.h">
      <Filter>源文件\Framework\Utils</Filter>
    </ClInclude>
    <ClInclude Include="RealEngine.h">
      <Filter>源文件</Filter>
    </ClInclude>
    <ClInclude Include="OpenglDriver.h">
      <Filter>源文件\Framework\Graphics</Filter>
    </ClInclude>
    <ClInclude Include="SceneManager.h">
      <Filter>源文件\Framework\Scene</Filter>
    </ClInclude>
    <ClInclude Include="Camera.h">
      <Filter>源文件\Framework\Scene</Filter>
    </ClInclude>
    <ClInclude Include="FileUtil.h">
      <Filter>源文件\Framework\Utils</Filter>
    </ClInclude>
    <ClInclude Include="ShaderLoader.h">
      <Filter>源文件\Framework\Graphics\Shaders</Filter>
    </ClInclude>
    <ClInclude Include="Shader.h">
      <Filter>源文件\Framework\Graphics\Shaders</Filter>
    </ClInclude>
    <ClInclude Include="NonCopyable.h">
      <Filter>源文件\Framework\Interface</Filter>
    </ClInclude>
    <ClInclude Include="NonMovable.h">
      <Filter>源文件\Framework\Interface</Filter>
    </ClInclude>
    <ClInclude Include="Material.h">
      <Filter>源文件\Framework\Scene</Filter>
    </ClInclude>
    <ClInclude Include="Image.h">
      <Filter>源文件\Framework\Scene</Filter>
    </ClInclude>
    <ClInclude Include="OpenGEX.h">
      <Filter>源文件\Enternal\OpenGEX</Filter>
    </ClInclude>
    <ClInclude Include="ODDLArray.h">
      <Filter>源文件\Enternal\OpenDDL</Filter>
    </ClInclude>
    <ClInclude Include="ODDLMap.h">
      <Filter>源文件\Enternal\OpenDDL</Filter>
    </ClInclude>
    <ClInclude Include="ODDLString.h">
      <Filter>源文件\Enternal\OpenDDL</Filter>
    </ClInclude>
    <ClInclude Include="ODDLTree.h">
      <Filter>源文件\Enternal\OpenDDL</Filter>
    </ClInclude>
    <ClInclude Include="ODDLTypes.h">
      <Filter>源文件\Enternal\OpenDDL</Filter>
    </ClInclude>
    <ClInclude Include="OpenDDL.h">
      <Filter>源文件\Enternal\OpenDDL</Filter>
    </ClInclude>
    <ClInclude Include="Math.h">
      <Filter>源文件\Framework\Base</Filter>
    </ClInclude>
    <ClInclude Include="SceneObjectTransfrom.h">
      <Filter>源文件\Framework\Scene</Filter>
    </ClInclude>
    <ClInclude Include="RenderInfo.h">
      <Filter>源文件\Framework\Graphics</Filter>
    </ClInclude>
    <ClInclude Include="Matrix.h">
      <Filter>源文件\Framework\Base</Filter>
    </ClInclude>
    <ClInclude Include="Quaternion.h">
      <Filter>源文件\Framework\Base</Filter>
    </ClInclude>
    <ClInclude Include="Object.h">
      <Filter>源文件\Framework\Script</Filter>
    </ClInclude>
    <ClInclude Include="Parser.h">
      <Filter>源文件\Framework\Script</Filter>
    </ClInclude>
    <ClInclude Include="EngineTest.h">
      <Filter>源文件\Framework\Test</Filter>
    </ClInclude>
    <ClInclude Include="InputManager.h">
      <Filter>源文件\Input</Filter>
    </ClInclude>
    <ClInclude Include="REKey.h">
      <Filter>源文件\Input</Filter>
    </ClInclude>
    <ClInclude Include="Bezier.h">
      <Filter>源文件\Framework\Graphics</Filter>
    </ClInclude>
    <ClInclude Include="Vector.h">
      <Filter>源文件\Framework\Base</Filter>
    </ClInclude>
    <ClInclude Include="MeshTest.h">
      <Filter>源文件\Framework\Test</Filter>
    </ClInclude>
    <ClInclude Include="ModelTest.h">
      <Filter>源文件\Framework\Test</Filter>
    </ClInclude>
    <ClInclude Include="Model.h">
      <Filter>源文件\Framework\Scene</Filter>
    </ClInclude>
    <ClInclude Include="Mesh.h">
      <Filter>源文件\Framework\Scene</Filter>
    </ClInclude>
    <ClInclude Include="Scene.h">
      <Filter>源文件\Framework\Scene</Filter>
    </ClInclude>
    <ClInclude Include="glmCamera.h">
      <Filter>源文件\Framework\Scene</Filter>
    </ClInclude>
  </ItemGroup>
</Project>